
Microsoft Visual Studio Solution File, Format Version 12.00
# Visual Studio Version 17
VisualStudioVersion = 17.8.34309.116
MinimumVisualStudioVersion = 10.0.40219.1
Project("{FAE04EC0-301F-11D3-BF4B-00C04F79EFBC}") = "A2v10.Stray", "A2v10.Stray.csproj", "{0C803B05-BF5E-47EB-A144-AD2C8933C876}"
EndProject
Global
	GlobalSection(SolutionConfigurationPlatforms) = preSolution
		Debug|Any CPU = Debug|Any CPU
		Release|Any CPU = Release|Any CPU
	EndGlobalSection
	GlobalSection(ProjectConfigurationPlatforms) = postSolution
		{0C803B05-BF5E-47EB-A144-AD2C8933C876}.Debug|Any CPU.ActiveCfg = Debug|Any CPU
		{0C803B05-BF5E-47EB-A144-AD2C8933C876}.Debug|Any CPU.Build.0 = Debug|Any CPU
		{0C803B05-BF5E-47EB-A144-AD2C8933C876}.Release|Any CPU.ActiveCfg = Release|Any CPU
		{0C803B05-BF5E-47EB-A144-AD2C8933C876}.Release|Any CPU.Build.0 = Release|Any CPU
	EndGlobalSection
	GlobalSection(SolutionProperties) = preSolution
		HideSolutionNode = FALSE
	EndGlobalSection
	GlobalSection(ExtensibilityGlobals) = postSolution
		SolutionGuid = {5D2C10E3-9506-4DD5-91B8-2B45D4AAF20D}
	EndGlobalSection
EndGlobal
